// !$*UTF8*$!
{
	archiveVersion = 1;
	classes = {
	};
	objectVersion = 50;
	objects = {

/* Begin PBXBuildFile section */
		20ADA92F22789229001E2E46 /* AppDelegate.swift in Sources */ = {isa = PBXBuildFile; fileRef = 20ADA92E22789229001E2E46 /* AppDelegate.swift */; };
		20ADA93122789229001E2E46 /* FirstViewController.swift in Sources */ = {isa = PBXBuildFile; fileRef = 20ADA93022789229001E2E46 /* FirstViewController.swift */; };
		20ADA93322789229001E2E46 /* SecondViewController.swift in Sources */ = {isa = PBXBuildFile; fileRef = 20ADA93222789229001E2E46 /* SecondViewController.swift */; };
		20ADA93622789229001E2E46 /* Main.storyboard in Resources */ = {isa = PBXBuildFile; fileRef = 20ADA93422789229001E2E46 /* Main.storyboard */; };
		20ADA9382278922A001E2E46 /* Assets.xcassets in Resources */ = {isa = PBXBuildFile; fileRef = 20ADA9372278922A001E2E46 /* Assets.xcassets */; };
		20ADA93B2278922A001E2E46 /* LaunchScreen.storyboard in Resources */ = {isa = PBXBuildFile; fileRef = 20ADA9392278922A001E2E46 /* LaunchScreen.storyboard */; };
		20BBE6AB394A84CD270C9937 /* Pods_MTR_Mobile_Multi.framework in Frameworks */ = {isa = PBXBuildFile; fileRef = 2AADFA20B984BFD5896BD00B /* Pods_MTR_Mobile_Multi.framework */; };
/* End PBXBuildFile section */

/* Begin PBXFileReference section */
		05722771EE66B810162C55CF /* Pods-MTR_Mobile_Multi.debug.xcconfig */ = {isa = PBXFileReference; includeInIndex = 1; lastKnownFileType = text.xcconfig; name = "Pods-MTR_Mobile_Multi.debug.xcconfig"; path = "Target Support Files/Pods-MTR_Mobile_Multi/Pods-MTR_Mobile_Multi.debug.xcconfig"; sourceTree = "<group>"; };
		13A7B7978492927025666825 /* Pods-MTR_Mobile_Multi.release.xcconfig */ = {isa = PBXFileReference; includeInIndex = 1; lastKnownFileType = text.xcconfig; name = "Pods-MTR_Mobile_Multi.release.xcconfig"; path = "Target Support Files/Pods-MTR_Mobile_Multi/Pods-MTR_Mobile_Multi.release.xcconfig"; sourceTree = "<group>"; };
		20ADA92B22789229001E2E46 /* MTR_Mobile_Multi.app */ = {isa = PBXFileReference; explicitFileType = wrapper.application; includeInIndex = 0; path = MTR_Mobile_Multi.app; sourceTree = BUILT_PRODUCTS_DIR; };
		20ADA92E22789229001E2E46 /* AppDelegate.swift */ = {isa = PBXFileReference; lastKnownFileType = sourcecode.swift; path = AppDelegate.swift; sourceTree = "<group>"; };
		20ADA93022789229001E2E46 /* FirstViewController.swift */ = {isa = PBXFileReference; lastKnownFileType = sourcecode.swift; path = FirstViewController.swift; sourceTree = "<group>"; };
		20ADA93222789229001E2E46 /* SecondViewController.swift */ = {isa = PBXFileReference; lastKnownFileType = sourcecode.swift; path = SecondViewController.swift; sourceTree = "<group>"; };
		20ADA93522789229001E2E46 /* Base */ = {isa = PBXFileReference; lastKnownFileType = file.storyboard; name = Base; path = Base.lproj/Main.storyboard; sourceTree = "<group>"; };
		20ADA9372278922A001E2E46 /* Assets.xcassets */ = {isa = PBXFileReference; lastKnownFileType = folder.assetcatalog; path = Assets.xcassets; sourceTree = "<group>"; };
		20ADA93A2278922A001E2E46 /* Base */ = {isa = PBXFileReference; lastKnownFileType = file.storyboard; name = Base; path = Base.lproj/LaunchScreen.storyboard; sourceTree = "<group>"; };
		20ADA93C2278922A001E2E46 /* Info.plist */ = {isa = PBXFileReference; lastKnownFileType = text.plist.xml; path = Info.plist; sourceTree = "<group>"; };
		2AADFA20B984BFD5896BD00B /* Pods_MTR_Mobile_Multi.framework */ = {isa = PBXFileReference; explicitFileType = wrapper.framework; includeInIndex = 0; path = Pods_MTR_Mobile_Multi.framework; sourceTree = BUILT_PRODUCTS_DIR; };
/* End PBXFileReference section */

/* Begin PBXFrameworksBuildPhase section */
		20ADA92822789229001E2E46 /* Frameworks */ = {
			isa = PBXFrameworksBuildPhase;
			buildActionMask = 2147483647;
			files = (
				20BBE6AB394A84CD270C9937 /* Pods_MTR_Mobile_Multi.framework in Frameworks */,
			);
			runOnlyForDeploymentPostprocessing = 0;
		};
/* End PBXFrameworksBuildPhase section */

/* Begin PBXGroup section */
		20ADA92222789229001E2E46 = {
			isa = PBXGroup;
			children = (
				20ADA92D22789229001E2E46 /* MTR_Mobile_Multi */,
				20ADA92C22789229001E2E46 /* Products */,
				A525ED93A4B21CB26FA5E567 /* Pods */,
				9616F08A350FFD04365DE916 /* Frameworks */,
			);
			sourceTree = "<group>";
		};
		20ADA92C22789229001E2E46 /* Products */ = {
			isa = PBXGroup;
			children = (
				20ADA92B22789229001E2E46 /* MTR_Mobile_Multi.app */,
			);
			name = Products;
			sourceTree = "<group>";
		};
		20ADA92D22789229001E2E46 /* MTR_Mobile_Multi */ = {
			isa = PBXGroup;
			children = (
				20ADA92E22789229001E2E46 /* AppDelegate.swift */,
				20ADA93022789229001E2E46 /* FirstViewController.swift */,
				20ADA93222789229001E2E46 /* SecondViewController.swift */,
				20ADA93422789229001E2E46 /* Main.storyboard */,
				20ADA9372278922A001E2E46 /* Assets.xcassets */,
				20ADA9392278922A001E2E46 /* LaunchScreen.storyboard */,
				20ADA93C2278922A001E2E46 /* Info.plist */,
			);
			path = MTR_Mobile_Multi;
			sourceTree = "<group>";
		};
		9616F08A350FFD04365DE916 /* Frameworks */ = {
			isa = PBXGroup;
			children = (
				2AADFA20B984BFD5896BD00B /* Pods_MTR_Mobile_Multi.framework */,
			);
			name = Frameworks;
			sourceTree = "<group>";
		};
		A525ED93A4B21CB26FA5E567 /* Pods */ = {
			isa = PBXGroup;
			children = (
				05722771EE66B810162C55CF /* Pods-MTR_Mobile_Multi.debug.xcconfig */,
				13A7B7978492927025666825 /* Pods-MTR_Mobile_Multi.release.xcconfig */,
			);
			name = Pods;
			path = Pods;
			sourceTree = "<group>";
		};
/* End PBXGroup section */

/* Begin PBXNativeTarget section */
		20ADA92A22789229001E2E46 /* MTR_Mobile_Multi */ = {
			isa = PBXNativeTarget;
			buildConfigurationList = 20ADA93F2278922A001E2E46 /* Build configuration list for PBXNativeTarget "MTR_Mobile_Multi" */;
			buildPhases = (
				2FFAEB66D1F5CCC1CE9EB8F9 /* [CP] Check Pods Manifest.lock */,
				20ADA92722789229001E2E46 /* Sources */,
				20ADA92822789229001E2E46 /* Frameworks */,
				20ADA92922789229001E2E46 /* Resources */,
				19DB65E286D00EF069D89DA5 /* [CP] Embed Pods Frameworks */,
			);
			buildRules = (
			);
			dependencies = (
			);
			name = MTR_Mobile_Multi;
			productName = MTR_Mobile_Multi;
			productReference = 20ADA92B22789229001E2E46 /* MTR_Mobile_Multi.app */;
			productType = "com.apple.product-type.application";
		};
/* End PBXNativeTarget section */

/* Begin PBXProject section */
		20ADA92322789229001E2E46 /* Project object */ = {
			isa = PBXProject;
			attributes = {
				LastSwiftUpdateCheck = 1020;
				LastUpgradeCheck = 1020;
				ORGANIZATIONNAME = "PMB Development";
				TargetAttributes = {
					20ADA92A22789229001E2E46 = {
						CreatedOnToolsVersion = 10.2.1;
					};
				};
			};
			buildConfigurationList = 20ADA92622789229001E2E46 /* Build configuration list for PBXProject "MTR_Mobile_Multi" */;
			compatibilityVersion = "Xcode 9.3";
			developmentRegion = en;
			hasScannedForEncodings = 0;
			knownRegions = (
				en,
				Base,
			);
			mainGroup = 20ADA92222789229001E2E46;
			productRefGroup = 20ADA92C22789229001E2E46 /* Products */;
			projectDirPath = "";
			projectRoot = "";
			targets = (
				20ADA92A22789229001E2E46 /* MTR_Mobile_Multi */,
			);
		};
/* End PBXProject section */

/* Begin PBXResourcesBuildPhase section */
		20ADA92922789229001E2E46 /* Resources */ = {
			isa = PBXResourcesBuildPhase;
			buildActionMask = 2147483647;
			files = (
				20ADA93B2278922A001E2E46 /* LaunchScreen.storyboard in Resources */,
				20ADA9382278922A001E2E46 /* Assets.xcassets in Resources */,
				20ADA93622789229001E2E46 /* Main.storyboard in Resources */,
			);
			runOnlyForDeploymentPostprocessing = 0;
		};
/* End PBXResourcesBuildPhase section */

/* Begin PBXShellScriptBuildPhase section */
		19DB65E286D00EF069D89DA5 /* [CP] Embed Pods Frameworks */ = {
			isa = PBXShellScriptBuildPhase;
			buildActionMask = 2147483647;
			files = (
			);
			inputFileListPaths = (
			);
			inputPaths = (
				"${PODS_ROOT}/Target Support Files/Pods-MTR_Mobile_Multi/Pods-MTR_Mobile_Multi-frameworks.sh",
				"${BUILT_PRODUCTS_DIR}/SwiftSocket/SwiftSocket.framework",
			);
			name = "[CP] Embed Pods Frameworks";
			outputFileListPaths = (
			);
			outputPaths = (
				"${TARGET_BUILD_DIR}/${FRAMEWORKS_FOLDER_PATH}/SwiftSocket.framework",
			);
			runOnlyForDeploymentPostprocessing = 0;
			shellPath = /bin/sh;
			shellScript = "\"${PODS_ROOT}/Target Support Files/Pods-MTR_Mobile_Multi/Pods-MTR_Mobile_Multi-frameworks.sh\"\n";
			showEnvVarsInLog = 0;
		};
		2FFAEB66D1F5CCC1CE9EB8F9 /* [CP] Check Pods Manifest.lock */ = {
			isa = PBXShellScriptBuildPhase;
			buildActionMask = 2147483647;
			files = (
			);
			inputFileListPaths = (
			);
			inputPaths = (
				"${PODS_PODFILE_DIR_PATH}/Podfile.lock",
				"${PODS_ROOT}/Manifest.lock",
			);
			name = "[CP] Check Pods Manifest.lock";
			outputFileListPaths = (
			);
			outputPaths = (
				"$(DERIVED_FILE_DIR)/Pods-MTR_Mobile_Multi-checkManifestLockResult.txt",
			);
			runOnlyForDeploymentPostprocessing = 0;
			shellPath = /bin/sh;
			shellScript = "diff \"${PODS_PODFILE_DIR_PATH}/Podfile.lock\" \"${PODS_ROOT}/Manifest.lock\" > /dev/null\nif [ $? != 0 ] ; then\n    # print error to STDERR\n    echo \"error: The sandbox is not in sync with the Podfile.lock. Run 'pod install' or update your CocoaPods installation.\" >&2\n    exit 1\nfi\n# This output is used by Xcode 'outputs' to avoid re-running this script phase.\necho \"SUCCESS\" > \"${SCRIPT_OUTPUT_FILE_0}\"\n";
			showEnvVarsInLog = 0;
		};
/* End PBXShellScriptBuildPhase section */

/* Begin PBXSourcesBuildPhase section */
		20ADA92722789229001E2E46 /* Sources */ = {
			isa = PBXSourcesBuildPhase;
			buildActionMask = 2147483647;
			files = (
				20ADA93322789229001E2E46 /* SecondViewController.swift in Sources */,
				20ADA92F22789229001E2E46 /* AppDelegate.swift in Sources */,
				20ADA93122789229001E2E46 /* FirstViewController.swift in Sources */,
			);
			runOnlyForDeploymentPostprocessing = 0;
		};
/* End PBXSourcesBuildPhase section */

/* Begin PBXVariantGroup section */
		20ADA93422789229001E2E46 /* Main.storyboard */ = {
			isa = PBXVariantGroup;
			children = (
				20ADA93522789229001E2E46 /* Base */,
			);
			name = Main.storyboard;
			sourceTree = "<group>";
		};
		20ADA9392278922A001E2E46 /* LaunchScreen.storyboard */ = {
			isa = PBXVariantGroup;
			children = (
				20ADA93A2278922A001E2E46 /* Base */,
			);
			name = LaunchScreen.storyboard;
			sourceTree = "<group>";
		};
/* End PBXVariantGroup section */

/* Begin XCBuildConfiguration section */
		20ADA93D2278922A001E2E46 /* Debug */ = {
			isa = XCBuildConfiguration;
			buildSettings = {
				ALWAYS_SEARCH_USER_PATHS = NO;
				CLANG_ANALYZER_NONNULL = YES;
				CLANG_ANALYZER_NUMBER_OBJECT_CONVERSION = YES_AGGRESSIVE;
				CLANG_CXX_LANGUAGE_STANDARD = "gnu++14";
				CLANG_CXX_LIBRARY = "libc++";
				CLANG_ENABLE_MODULES = YES;
				CLANG_ENABLE_OBJC_ARC = YES;
				CLANG_ENABLE_OBJC_WEAK = YES;
				CLANG_WARN_BLOCK_CAPTURE_AUTORELEASING = YES;
				CLANG_WARN_BOOL_CONVERSION = YES;
				CLANG_WARN_COMMA = YES;
				CLANG_WARN_CONSTANT_CONVERSION = YES;
				CLANG_WARN_DEPRECATED_OBJC_IMPLEMENTATIONS = YES;
				CLANG_WARN_DIRECT_OBJC_ISA_USAGE = YES_ERROR;
				CLANG_WARN_DOCUMENTATION_COMMENTS = YES;
				CLANG_WARN_EMPTY_BODY = YES;
				CLANG_WARN_ENUM_CONVERSION = YES;
				CLANG_WARN_INFINITE_RECURSION = YES;
				CLANG_WARN_INT_CONVERSION = YES;
				CLANG_WARN_NON_LITERAL_NULL_CONVERSION = YES;
				CLANG_WARN_OBJC_IMPLICIT_RETAIN_SELF = YES;
				CLANG_WARN_OBJC_LITERAL_CONVERSION = YES;
				CLANG_WARN_OBJC_ROOT_CLASS = YES_ERROR;
				CLANG_WARN_RANGE_LOOP_ANALYSIS = YES;
				CLANG_WARN_STRICT_PROTOTYPES = YES;
				CLANG_WARN_SUSPICIOUS_MOVE = YES;
				CLANG_WARN_UNGUARDED_AVAILABILITY = YES_AGGRESSIVE;
				CLANG_WARN_UNREACHABLE_CODE = YES;
				CLANG_WARN__DUPLICATE_METHOD_MATCH = YES;
				CODE_SIGN_IDENTITY = "iPhone Developer";
				COPY_PHASE_STRIP = NO;
				DEBUG_INFORMATION_FORMAT = dwarf;
				ENABLE_STRICT_OBJC_MSGSEND = YES;
				ENABLE_TESTABILITY = YES;
				GCC_C_LANGUAGE_STANDARD = gnu11;
				GCC_DYNAMIC_NO_PIC = NO;
				GCC_NO_COMMON_BLOCKS = YES;
				GCC_OPTIMIZATION_LEVEL = 0;
				GCC_PREPROCESSOR_DEFINITIONS = (
					"DEBUG=1",
					"$(inherited)",
				);
				GCC_WARN_64_TO_32_BIT_CONVERSION = YES;
				GCC_WARN_ABOUT_RETURN_TYPE = YES_ERROR;
				GCC_WARN_UNDECLARED_SELECTOR = YES;
				GCC_WARN_UNINITIALIZED_AUTOS = YES_AGGRESSIVE;
				GCC_WARN_UNUSED_FUNCTION = YES;
				GCC_WARN_UNUSED_VARIABLE = YES;
				IPHONEOS_DEPLOYMENT_TARGET = 12.2;
				MTL_ENABLE_DEBUG_INFO = INCLUDE_SOURCE;
				MTL_FAST_MATH = YES;
				ONLY_ACTIVE_ARCH = YES;
				SDKROOT = iphoneos;
				SWIFT_ACTIVE_COMPILATION_CONDITIONS = DEBUG;
				SWIFT_OPTIMIZATION_LEVEL = "-Onone";
			};
			name = Debug;
		};
		20ADA93E2278922A001E2E46 /* Release */ = {
			isa = XCBuildConfiguration;
			buildSettings = {
				ALWAYS_SEARCH_USER_PATHS = NO;
				CLANG_ANALYZER_NONNULL = YES;
				CLANG_ANALYZER_NUMBER_OBJECT_CONVERSION = YES_AGGRESSIVE;
				CLANG_CXX_LANGUAGE_STANDARD = "gnu++14";
				CLANG_CXX_LIBRARY = "libc++";
				CLANG_ENABLE_MODULES = YES;
				CLANG_ENABLE_OBJC_ARC = YES;
				CLANG_ENABLE_OBJC_WEAK = YES;
				CLANG_WARN_BLOCK_CAPTURE_AUTORELEASING = YES;
				CLANG_WARN_BOOL_CONVERSION = YES;
				CLANG_WARN_COMMA = YES;
				CLANG_WARN_CONSTANT_CONVERSION = YES;
				CLANG_WARN_DEPRECATED_OBJC_IMPLEMENTATIONS = YES;
				CLANG_WARN_DIRECT_OBJC_ISA_USAGE = YES_ERROR;
				CLANG_WARN_DOCUMENTATION_COMMENTS = YES;
				CLANG_WARN_EMPTY_BODY = YES;
				CLANG_WARN_ENUM_CONVERSION = YES;
				CLANG_WARN_INFINITE_RECURSION = YES;
				CLANG_WARN_INT_CONVERSION = YES;
				CLANG_WARN_NON_LITERAL_NULL_CONVERSION = YES;
				CLANG_WARN_OBJC_IMPLICIT_RETAIN_SELF = YES;
				CLANG_WARN_OBJC_LITERAL_CONVERSION = YES;
				CLANG_WARN_OBJC_ROOT_CLASS = YES_ERROR;
				CLANG_WARN_RANGE_LOOP_ANALYSIS = YES;
				CLANG_WARN_STRICT_PROTOTYPES = YES;
				CLANG_WARN_SUSPICIOUS_MOVE = YES;
				CLANG_WARN_UNGUARDED_AVAILABILITY = YES_AGGRESSIVE;
				CLANG_WARN_UNREACHABLE_CODE = YES;
				CLANG_WARN__DUPLICATE_METHOD_MATCH = YES;
				CODE_SIGN_IDENTITY = "iPhone Developer";
				COPY_PHASE_STRIP = NO;
				DEBUG_INFORMATION_FORMAT = "dwarf-with-dsym";
				ENABLE_NS_ASSERTIONS = NO;
				ENABLE_STRICT_OBJC_MSGSEND = YES;
				GCC_C_LANGUAGE_STANDARD = gnu11;
				GCC_NO_COMMON_BLOCKS = YES;
				GCC_WARN_64_TO_32_BIT_CONVERSION = YES;
				GCC_WARN_ABOUT_RETURN_TYPE = YES_ERROR;
				GCC_WARN_UNDECLARED_SELECTOR = YES;
				GCC_WARN_UNINITIALIZED_AUTOS = YES_AGGRESSIVE;
				GCC_WARN_UNUSED_FUNCTION = YES;
				GCC_WARN_UNUSED_VARIABLE = YES;
				IPHONEOS_DEPLOYMENT_TARGET = 12.2;
				MTL_ENABLE_DEBUG_INFO = NO;
				MTL_FAST_MATH = YES;
				SDKROOT = iphoneos;
				SWIFT_COMPILATION_MODE = wholemodule;
				SWIFT_OPTIMIZATION_LEVEL = "-O";
				VALIDATE_PRODUCT = YES;
			};
			name = Release;
		};
		20ADA9402278922A001E2E46 /* Debug */ = {
			isa = XCBuildConfiguration;
			baseConfigurationReference = 05722771EE66B810162C55CF /* Pods-MTR_Mobile_Multi.debug.xcconfig */;
			buildSettings = {
				ASSETCATALOG_COMPILER_APPICON_NAME = AppIcon;
				CODE_SIGN_STYLE = Automatic;
				DEVELOPMENT_TEAM = HQR3X5UVEH;
				INFOPLIST_FILE = MTR_Mobile_Multi/Info.plist;
				LD_RUNPATH_SEARCH_PATHS = (
					"$(inherited)",
					"@executable_path/Frameworks",
				);
				PRODUCT_BUNDLE_IDENTIFIER = "pmb.MTR-Mobile-Multi";
				PRODUCT_NAME = "$(TARGET_NAME)";
				SWIFT_VERSION = 5.0;
				TARGETED_DEVICE_FAMILY = "1,2";
			};
			name = Debug;
		};
		20ADA9412278922A001E2E46 /* Release */ = {
			isa = XCBuildConfiguration;
			baseConfigurationReference = 13A7B7978492927025666825 /* Pods-MTR_Mobile_Multi.release.xcconfig */;
			buildSettings = {
				ASSETCATALOG_COMPILER_APPICON_NAME = AppIcon;
				CODE_SIGN_STYLE = Automatic;
				DEVELOPMENT_TEAM = HQR3X5UVEH;
				INFOPLIST_FILE = MTR_Mobile_Multi/Info.plist;
				LD_RUNPATH_SEARCH_PATHS = (
					"$(inherited)",
					"@executable_path/Frameworks",
				);
				PRODUCT_BUNDLE_IDENTIFIER = "pmb.MTR-Mobile-Multi";
				PRODUCT_NAME = "$(TARGET_NAME)";
				SWIFT_VERSION = 5.0;
				TARGETED_DEVICE_FAMILY = "1,2";
			};
			name = Release;
		};
/* End XCBuildConfiguration section */

/* Begin XCConfigurationList section */
		20ADA92622789229001E2E46 /* Build configuration list for PBXProject "MTR_Mobile_Multi" */ = {
			isa = XCConfigurationList;
			buildConfigurations = (
				20ADA93D2278922A001E2E46 /* Debug */,
				20ADA93E2278922A001E2E46 /* Release */,
			);
			defaultConfigurationIsVisible = 0;
			defaultConfigurationName = Release;
		};
		20ADA93F2278922A001E2E46 /* Build configuration list for PBXNativeTarget "MTR_Mobile_Multi" */ = {
			isa = XCConfigurationList;
			buildConfigurations = (
				20ADA9402278922A001E2E46 /* Debug */,
				20ADA9412278922A001E2E46 /* Release */,
			);
			defaultConfigurationIsVisible = 0;
			defaultConfigurationName = Release;
		};
/* End XCConfigurationList section */
	};
	rootObject = 20ADA92322789229001E2E46 /* Project object */;
}
